
Microsoft Visual Studio Solution File, Format Version 12.00
# Visual Studio Version 16
VisualStudioVersion = 16.0.30114.105
MinimumVisualStudioVersion = 10.0.40219.1
Project("{9A19103F-16F7-4668-BE54-9A1E7A4F7556}") = "Helpful.Logging.Standard", "Helpful.Logging.Standard\Helpful.Logging.Standard.csproj", "{090519B6-B25B-441F-A039-6890715B34C2}"
EndProject
Project("{9A19103F-16F7-4668-BE54-9A1E7A4F7556}") = "SampleWebApp", "SampleWebApp\SampleWebApp.csproj", "{AD347BFE-5D5B-4069-A01A-2A5FDBDA480C}"
EndProject
Project("{2150E333-8FDC-42A3-9474-1A3956D46DE8}") = "Solution Items", "Solution Items", "{BFA9154B-E26D-4F23-8163-AA91812D9324}"
	ProjectSection(SolutionItems) = preProject
		azure-pipelines.yml = azure-pipelines.yml
		README.md = README.md
	EndProjectSection
EndProject
Global
	GlobalSection(SolutionConfigurationPlatforms) = preSolution
		Debug|Any CPU = Debug|Any CPU
		Release|Any CPU = Release|Any CPU
	EndGlobalSection
	GlobalSection(ProjectConfigurationPlatforms) = postSolution
		{090519B6-B25B-441F-A039-6890715B34C2}.Debug|Any CPU.ActiveCfg = Debug|Any CPU
		{090519B6-B25B-441F-A039-6890715B34C2}.Debug|Any CPU.Build.0 = Debug|Any CPU
		{090519B6-B25B-441F-A039-6890715B34C2}.Release|Any CPU.ActiveCfg = Release|Any CPU
		{090519B6-B25B-441F-A039-6890715B34C2}.Release|Any CPU.Build.0 = Release|Any CPU
		{AD347BFE-5D5B-4069-A01A-2A5FDBDA480C}.Debug|Any CPU.ActiveCfg = Debug|Any CPU
		{AD347BFE-5D5B-4069-A01A-2A5FDBDA480C}.Debug|Any CPU.Build.0 = Debug|Any CPU
		{AD347BFE-5D5B-4069-A01A-2A5FDBDA480C}.Release|Any CPU.ActiveCfg = Release|Any CPU
		{AD347BFE-5D5B-4069-A01A-2A5FDBDA480C}.Release|Any CPU.Build.0 = Release|Any CPU
	EndGlobalSection
	GlobalSection(SolutionProperties) = preSolution
		HideSolutionNode = FALSE
	EndGlobalSection
	GlobalSection(ExtensibilityGlobals) = postSolution
		SolutionGuid = {39FE6A79-36BC-484C-9ACB-3E49CB5F6A16}
	EndGlobalSection
EndGlobal
